
Microsoft Visual Studio Solution File, Format Version 12.00
# Visual Studio Version 16
VisualStudioVersion = 16.0.28803.202
MinimumVisualStudioVersion = 10.0.40219.1
Project("{FAE04EC0-301F-11D3-BF4B-00C04F79EFBC}") = "KnapsackProblem", "KnapsackProblem\KnapsackProblem.csproj", "{ED24DDD7-F991-471C-91CB-3595289ECF3B}"
EndProject
Global
	GlobalSection(SolutionConfigurationPlatforms) = preSolution
		Debug|Any CPU = Debug|Any CPU
		Release|Any CPU = Release|Any CPU
	EndGlobalSection
	GlobalSection(ProjectConfigurationPlatforms) = postSolution
		{ED24DDD7-F991-471C-91CB-3595289ECF3B}.Debug|Any CPU.ActiveCfg = Debug|Any CPU
		{ED24DDD7-F991-471C-91CB-3595289ECF3B}.Debug|Any CPU.Build.0 = Debug|Any CPU
		{ED24DDD7-F991-471C-91CB-3595289ECF3B}.Release|Any CPU.ActiveCfg = Release|Any CPU
		{ED24DDD7-F991-471C-91CB-3595289ECF3B}.Release|Any CPU.Build.0 = Release|Any CPU
	EndGlobalSection
	GlobalSection(SolutionProperties) = preSolution
		HideSolutionNode = FALSE
	EndGlobalSection
	GlobalSection(ExtensibilityGlobals) = postSolution
		SolutionGuid = {8533E418-799B-4947-B134-42E6AAA8243E}
	EndGlobalSection
EndGlobal
